
Microsoft Visual Studio Solution File, Format Version 12.00
# Visual Studio Version 17
VisualStudioVersion = 17.3.32825.248
MinimumVisualStudioVersion = 10.0.40219.1
Project("{FAE04EC0-301F-11D3-BF4B-00C04F79EFBC}") = "WIP-PRJ", "WIP-PRJ.csproj", "{A348BBD2-6E50-4A50-9123-C549DA8F2D5C}"
EndProject
Global
	GlobalSection(SolutionConfigurationPlatforms) = preSolution
		Debug|Any CPU = Debug|Any CPU
		Release|Any CPU = Release|Any CPU
	EndGlobalSection
	GlobalSection(ProjectConfigurationPlatforms) = postSolution
		{A348BBD2-6E50-4A50-9123-C549DA8F2D5C}.Debug|Any CPU.ActiveCfg = Debug|Any CPU
		{A348BBD2-6E50-4A50-9123-C549DA8F2D5C}.Debug|Any CPU.Build.0 = Debug|Any CPU
		{A348BBD2-6E50-4A50-9123-C549DA8F2D5C}.Release|Any CPU.ActiveCfg = Release|Any CPU
		{A348BBD2-6E50-4A50-9123-C549DA8F2D5C}.Release|Any CPU.Build.0 = Release|Any CPU
	EndGlobalSection
	GlobalSection(SolutionProperties) = preSolution
		HideSolutionNode = FALSE
	EndGlobalSection
	GlobalSection(ExtensibilityGlobals) = postSolution
		SolutionGuid = {F609087B-B422-4140-8FA7-D62B50F1EA64}
	EndGlobalSection
EndGlobal
